
Microsoft Visual Studio Solution File, Format Version 12.00
Project("{FAE04EC0-301F-11D3-BF4B-00C04F79EFBC}") = "PKOC.Net", "PKOC.Net\PKOC.Net.csproj", "{3260D531-448C-4868-B3BF-3E79F86BA0A4}"
EndProject
Project("{2150E333-8FDC-42A3-9474-1A3956D46DE8}") = "Samples", "Samples", "{2D548342-246E-407E-A6B3-132D35C54D92}"
EndProject
Project("{FAE04EC0-301F-11D3-BF4B-00C04F79EFBC}") = "PkocReader", "..\Samples\PkocReader\PkocReader.csproj", "{304AFAF7-B054-4014-BAD9-7AC0165596B2}"
EndProject
Project("{2150E333-8FDC-42A3-9474-1A3956D46DE8}") = "Tests", "Tests", "{1A0A9B40-79C9-4955-AA23-8DF622AAD31C}"
EndProject
Project("{FAE04EC0-301F-11D3-BF4B-00C04F79EFBC}") = "PKOC.Net.Tests", "..\..\test\PKOC.Net.Tests\PKOC.Net.Tests.csproj", "{36A537CE-6123-4F86-99A3-09254898D7DD}"
EndProject
Global
	GlobalSection(SolutionConfigurationPlatforms) = preSolution
		Debug|Any CPU = Debug|Any CPU
		Release|Any CPU = Release|Any CPU
	EndGlobalSection
	GlobalSection(ProjectConfigurationPlatforms) = postSolution
		{3260D531-448C-4868-B3BF-3E79F86BA0A4}.Debug|Any CPU.ActiveCfg = Debug|Any CPU
		{3260D531-448C-4868-B3BF-3E79F86BA0A4}.Debug|Any CPU.Build.0 = Debug|Any CPU
		{3260D531-448C-4868-B3BF-3E79F86BA0A4}.Release|Any CPU.ActiveCfg = Release|Any CPU
		{3260D531-448C-4868-B3BF-3E79F86BA0A4}.Release|Any CPU.Build.0 = Release|Any CPU
		{304AFAF7-B054-4014-BAD9-7AC0165596B2}.Debug|Any CPU.ActiveCfg = Debug|Any CPU
		{304AFAF7-B054-4014-BAD9-7AC0165596B2}.Debug|Any CPU.Build.0 = Debug|Any CPU
		{304AFAF7-B054-4014-BAD9-7AC0165596B2}.Release|Any CPU.ActiveCfg = Release|Any CPU
		{304AFAF7-B054-4014-BAD9-7AC0165596B2}.Release|Any CPU.Build.0 = Release|Any CPU
		{36A537CE-6123-4F86-99A3-09254898D7DD}.Debug|Any CPU.ActiveCfg = Debug|Any CPU
		{36A537CE-6123-4F86-99A3-09254898D7DD}.Debug|Any CPU.Build.0 = Debug|Any CPU
		{36A537CE-6123-4F86-99A3-09254898D7DD}.Release|Any CPU.ActiveCfg = Release|Any CPU
		{36A537CE-6123-4F86-99A3-09254898D7DD}.Release|Any CPU.Build.0 = Release|Any CPU
	EndGlobalSection
	GlobalSection(NestedProjects) = preSolution
		{304AFAF7-B054-4014-BAD9-7AC0165596B2} = {2D548342-246E-407E-A6B3-132D35C54D92}
		{36A537CE-6123-4F86-99A3-09254898D7DD} = {1A0A9B40-79C9-4955-AA23-8DF622AAD31C}
	EndGlobalSection
EndGlobal
